
Microsoft Visual Studio Solution File, Format Version 12.00
# Visual Studio 15
VisualStudioVersion = 15.0.27130.2010
MinimumVisualStudioVersion = 10.0.40219.1
Project("{2150E333-8FDC-42A3-9474-1A3956D46DE8}") = "src", "src", "{81C9D247-87E1-4EFE-9350-59B4CEAEA70F}"
EndProject
Project("{2150E333-8FDC-42A3-9474-1A3956D46DE8}") = "EntityFrameworkCore", "EntityFrameworkCore", "{43F65712-7A40-42B5-AF24-F8DCA4CB0D56}"
EndProject
Project("{FAE04EC0-301F-11D3-BF4B-00C04F79EFBC}") = "NetCoreTests.EntityFrameworkCore", "src\EntityFrameworkCore\NetCoreTests.EntityFrameworkCore\NetCoreTests.EntityFrameworkCore.csproj", "{56B2493F-A997-41D7-972C-64A0DC87BF03}"
EndProject
Global
	GlobalSection(SolutionConfigurationPlatforms) = preSolution
		Debug|Any CPU = Debug|Any CPU
		Release|Any CPU = Release|Any CPU
	EndGlobalSection
	GlobalSection(ProjectConfigurationPlatforms) = postSolution
		{56B2493F-A997-41D7-972C-64A0DC87BF03}.Debug|Any CPU.ActiveCfg = Debug|Any CPU
		{56B2493F-A997-41D7-972C-64A0DC87BF03}.Debug|Any CPU.Build.0 = Debug|Any CPU
		{56B2493F-A997-41D7-972C-64A0DC87BF03}.Release|Any CPU.ActiveCfg = Release|Any CPU
		{56B2493F-A997-41D7-972C-64A0DC87BF03}.Release|Any CPU.Build.0 = Release|Any CPU
	EndGlobalSection
	GlobalSection(SolutionProperties) = preSolution
		HideSolutionNode = FALSE
	EndGlobalSection
	GlobalSection(NestedProjects) = preSolution
		{43F65712-7A40-42B5-AF24-F8DCA4CB0D56} = {81C9D247-87E1-4EFE-9350-59B4CEAEA70F}
		{56B2493F-A997-41D7-972C-64A0DC87BF03} = {43F65712-7A40-42B5-AF24-F8DCA4CB0D56}
	EndGlobalSection
	GlobalSection(ExtensibilityGlobals) = postSolution
		SolutionGuid = {10E95E1F-533F-4969-A553-8D97626DAD28}
	EndGlobalSection
EndGlobal
